
Microsoft Visual Studio Solution File, Format Version 12.00
# Visual Studio Version 17
VisualStudioVersion = 17.14.37502.11 d17.14
MinimumVisualStudioVersion = 10.0.40219.1
Project("{FAE04EC0-301F-11D3-BF4B-00C04F79EFBC}") = "Caso_semana7", "Caso_semana7.csproj", "{2077CD32-CF2C-48FE-8B39-E1D6F313C4A6}"
EndProject
Global
	GlobalSection(SolutionConfigurationPlatforms) = preSolution
		Debug|Any CPU = Debug|Any CPU
		Release|Any CPU = Release|Any CPU
	EndGlobalSection
	GlobalSection(ProjectConfigurationPlatforms) = postSolution
		{2077CD32-CF2C-48FE-8B39-E1D6F313C4A6}.Debug|Any CPU.ActiveCfg = Debug|Any CPU
		{2077CD32-CF2C-48FE-8B39-E1D6F313C4A6}.Debug|Any CPU.Build.0 = Debug|Any CPU
		{2077CD32-CF2C-48FE-8B39-E1D6F313C4A6}.Release|Any CPU.ActiveCfg = Release|Any CPU
		{2077CD32-CF2C-48FE-8B39-E1D6F313C4A6}.Release|Any CPU.Build.0 = Release|Any CPU
	EndGlobalSection
	GlobalSection(SolutionProperties) = preSolution
		HideSolutionNode = FALSE
	EndGlobalSection
	GlobalSection(ExtensibilityGlobals) = postSolution
		SolutionGuid = {DFB50BC0-D453-4B3A-96E5-A057B3668BC8}
	EndGlobalSection
EndGlobal
